
Microsoft Visual Studio Solution File, Format Version 12.00
# Visual Studio Version 17
VisualStudioVersion = 17.9.34622.214
MinimumVisualStudioVersion = 10.0.40219.1
Project("{8BC9CEB8-8B4A-11D0-8D11-00A0C91BC942}") = "TheSocialNetwork", "TheSocialNetwork\TheSocialNetwork.vcxproj", "{EE9B0D57-8DE1-4803-B0A0-692341E19DCC}"
EndProject
Global
	GlobalSection(SolutionConfigurationPlatforms) = preSolution
		Debug|x64 = Debug|x64
		Debug|x86 = Debug|x86
		Release|x64 = Release|x64
		Release|x86 = Release|x86
	EndGlobalSection
	GlobalSection(ProjectConfigurationPlatforms) = postSolution
		{EE9B0D57-8DE1-4803-B0A0-692341E19DCC}.Debug|x64.ActiveCfg = Debug|x64
		{EE9B0D57-8DE1-4803-B0A0-692341E19DCC}.Debug|x64.Build.0 = Debug|x64
		{EE9B0D57-8DE1-4803-B0A0-692341E19DCC}.Debug|x86.ActiveCfg = Debug|Win32
		{EE9B0D57-8DE1-4803-B0A0-692341E19DCC}.Debug|x86.Build.0 = Debug|Win32
		{EE9B0D57-8DE1-4803-B0A0-692341E19DCC}.Release|x64.ActiveCfg = Release|x64
		{EE9B0D57-8DE1-4803-B0A0-692341E19DCC}.Release|x64.Build.0 = Release|x64
		{EE9B0D57-8DE1-4803-B0A0-692341E19DCC}.Release|x86.ActiveCfg = Release|Win32
		{EE9B0D57-8DE1-4803-B0A0-692341E19DCC}.Release|x86.Build.0 = Release|Win32
	EndGlobalSection
	GlobalSection(SolutionProperties) = preSolution
		HideSolutionNode = FALSE
	EndGlobalSection
	GlobalSection(ExtensibilityGlobals) = postSolution
		SolutionGuid = {1615AA5F-8872-4AB2-8A22-3E76DD27D8B6}
	EndGlobalSection
EndGlobal
